
Microsoft Visual Studio Solution File, Format Version 12.00
# Visual Studio Version 17
VisualStudioVersion = 17.5.33424.131
MinimumVisualStudioVersion = 10.0.40219.1
Project("{FAE04EC0-301F-11D3-BF4B-00C04F79EFBC}") = "Nortwind.Entities", "Nortwind.Entities\Nortwind.Entities.csproj", "{132882F6-D3AB-4168-9577-0838CBE45CE0}"
EndProject
Project("{FAE04EC0-301F-11D3-BF4B-00C04F79EFBC}") = "Nortwind.DataAccess", "Nortwind.DataAccess\Nortwind.DataAccess.csproj", "{0AB77FA2-2D53-4850-9DD5-370BD731F470}"
EndProject
Project("{FAE04EC0-301F-11D3-BF4B-00C04F79EFBC}") = "Nortwind.Business", "Nortwind.Business\Nortwind.Business.csproj", "{6D3F0210-E7DD-4157-91E7-9381D01E3156}"
EndProject
Project("{FAE04EC0-301F-11D3-BF4B-00C04F79EFBC}") = "Nortwind.WebFormsUI", "Nortwind.WebForms.UI\Nortwind.WebFormsUI.csproj", "{035F3A2A-BCE2-4940-8DCA-11DCC93327AA}"
EndProject
Global
	GlobalSection(SolutionConfigurationPlatforms) = preSolution
		Debug|Any CPU = Debug|Any CPU
		Release|Any CPU = Release|Any CPU
	EndGlobalSection
	GlobalSection(ProjectConfigurationPlatforms) = postSolution
		{132882F6-D3AB-4168-9577-0838CBE45CE0}.Debug|Any CPU.ActiveCfg = Debug|Any CPU
		{132882F6-D3AB-4168-9577-0838CBE45CE0}.Debug|Any CPU.Build.0 = Debug|Any CPU
		{132882F6-D3AB-4168-9577-0838CBE45CE0}.Release|Any CPU.ActiveCfg = Release|Any CPU
		{132882F6-D3AB-4168-9577-0838CBE45CE0}.Release|Any CPU.Build.0 = Release|Any CPU
		{0AB77FA2-2D53-4850-9DD5-370BD731F470}.Debug|Any CPU.ActiveCfg = Debug|Any CPU
		{0AB77FA2-2D53-4850-9DD5-370BD731F470}.Debug|Any CPU.Build.0 = Debug|Any CPU
		{0AB77FA2-2D53-4850-9DD5-370BD731F470}.Release|Any CPU.ActiveCfg = Release|Any CPU
		{0AB77FA2-2D53-4850-9DD5-370BD731F470}.Release|Any CPU.Build.0 = Release|Any CPU
		{6D3F0210-E7DD-4157-91E7-9381D01E3156}.Debug|Any CPU.ActiveCfg = Debug|Any CPU
		{6D3F0210-E7DD-4157-91E7-9381D01E3156}.Debug|Any CPU.Build.0 = Debug|Any CPU
		{6D3F0210-E7DD-4157-91E7-9381D01E3156}.Release|Any CPU.ActiveCfg = Release|Any CPU
		{6D3F0210-E7DD-4157-91E7-9381D01E3156}.Release|Any CPU.Build.0 = Release|Any CPU
		{035F3A2A-BCE2-4940-8DCA-11DCC93327AA}.Debug|Any CPU.ActiveCfg = Debug|Any CPU
		{035F3A2A-BCE2-4940-8DCA-11DCC93327AA}.Debug|Any CPU.Build.0 = Debug|Any CPU
		{035F3A2A-BCE2-4940-8DCA-11DCC93327AA}.Release|Any CPU.ActiveCfg = Release|Any CPU
		{035F3A2A-BCE2-4940-8DCA-11DCC93327AA}.Release|Any CPU.Build.0 = Release|Any CPU
	EndGlobalSection
	GlobalSection(SolutionProperties) = preSolution
		HideSolutionNode = FALSE
	EndGlobalSection
	GlobalSection(ExtensibilityGlobals) = postSolution
		SolutionGuid = {D3AC1F19-57DF-426F-B6B6-39895829C1B6}
	EndGlobalSection
EndGlobal
